
Microsoft Visual Studio Solution File, Format Version 12.00
# Visual Studio Version 17
VisualStudioVersion = 17.3.32929.385
MinimumVisualStudioVersion = 10.0.40219.1
Project("{FAE04EC0-301F-11D3-BF4B-00C04F79EFBC}") = "advent-01", "advent-01\advent-01.csproj", "{FB19D077-8938-45E5-A87B-8546FD2522D6}"
EndProject
Global
	GlobalSection(SolutionConfigurationPlatforms) = preSolution
		Debug|Any CPU = Debug|Any CPU
		Release|Any CPU = Release|Any CPU
	EndGlobalSection
	GlobalSection(ProjectConfigurationPlatforms) = postSolution
		{FB19D077-8938-45E5-A87B-8546FD2522D6}.Debug|Any CPU.ActiveCfg = Debug|Any CPU
		{FB19D077-8938-45E5-A87B-8546FD2522D6}.Debug|Any CPU.Build.0 = Debug|Any CPU
		{FB19D077-8938-45E5-A87B-8546FD2522D6}.Release|Any CPU.ActiveCfg = Release|Any CPU
		{FB19D077-8938-45E5-A87B-8546FD2522D6}.Release|Any CPU.Build.0 = Release|Any CPU
	EndGlobalSection
	GlobalSection(SolutionProperties) = preSolution
		HideSolutionNode = FALSE
	EndGlobalSection
	GlobalSection(ExtensibilityGlobals) = postSolution
		SolutionGuid = {24AEF8AE-B21B-4ED2-8B6D-C6B31FE152B8}
	EndGlobalSection
EndGlobal
